{
  "originHash" : "494d4f97f9c17758afbbce8ce316fb5a6dec2c8ad29077f34c273a5977617b20",
  "pins" : [
    {
      "identity" : "capacitor-swift-pm",
      "kind" : "remoteSourceControl",
      "location" : "https://github.com/ionic-team/capacitor-swift-pm.git",
      "state" : {
        "revision" : "1f324fe7bdbdc8c5cc28bea48a231545a8c2e823",
        "version" : "8.1.0"
      }
    },
    {
      "identity" : "ionic-live-updates-releases",
      "kind" : "remoteSourceControl",
      "location" : "https://github.com/ionic-team/ionic-live-updates-releases.git",
      "state" : {
        "revision" : "abfe9cc9d15acfffb7ca8a1b443eb1e41efef1fd",
        "version" : "0.5.7"
      }
    }
  ],
  "version" : 3
}
